
Microsoft Visual Studio Solution File, Format Version 12.00
# Visual Studio Version 17
VisualStudioVersion = 17.14.36915.13 d17.14
MinimumVisualStudioVersion = 10.0.40219.1
Project("{FAE04EC0-301F-11D3-BF4B-00C04F79EFBC}") = "Primeiro_APP", "Primeiro_APP\Primeiro_APP.csproj", "{C18B65B7-9CDB-40EE-BBE2-0371A5474D53}"
EndProject
Global
	GlobalSection(SolutionConfigurationPlatforms) = preSolution
		Debug|Any CPU = Debug|Any CPU
		Release|Any CPU = Release|Any CPU
	EndGlobalSection
	GlobalSection(ProjectConfigurationPlatforms) = postSolution
		{C18B65B7-9CDB-40EE-BBE2-0371A5474D53}.Debug|Any CPU.ActiveCfg = Debug|Any CPU
		{C18B65B7-9CDB-40EE-BBE2-0371A5474D53}.Debug|Any CPU.Build.0 = Debug|Any CPU
		{C18B65B7-9CDB-40EE-BBE2-0371A5474D53}.Release|Any CPU.ActiveCfg = Release|Any CPU
		{C18B65B7-9CDB-40EE-BBE2-0371A5474D53}.Release|Any CPU.Build.0 = Release|Any CPU
	EndGlobalSection
	GlobalSection(SolutionProperties) = preSolution
		HideSolutionNode = FALSE
	EndGlobalSection
	GlobalSection(ExtensibilityGlobals) = postSolution
		SolutionGuid = {61674FF2-3547-402F-8605-275FBA1AF9A3}
	EndGlobalSection
EndGlobal
